
Microsoft Visual Studio Solution File, Format Version 12.00
# Visual Studio Version 17
VisualStudioVersion = 17.5.33516.290
MinimumVisualStudioVersion = 10.0.40219.1
Project("{FAE04EC0-301F-11D3-BF4B-00C04F79EFBC}") = "Snack Automat", "ConsoleApp1\Snack Automat.csproj", "{4D776D03-9131-4CF8-B52E-0D21C8C281AD}"
EndProject
Global
	GlobalSection(SolutionConfigurationPlatforms) = preSolution
		Debug|Any CPU = Debug|Any CPU
		Release|Any CPU = Release|Any CPU
	EndGlobalSection
	GlobalSection(ProjectConfigurationPlatforms) = postSolution
		{4D776D03-9131-4CF8-B52E-0D21C8C281AD}.Debug|Any CPU.ActiveCfg = Debug|Any CPU
		{4D776D03-9131-4CF8-B52E-0D21C8C281AD}.Debug|Any CPU.Build.0 = Debug|Any CPU
		{4D776D03-9131-4CF8-B52E-0D21C8C281AD}.Release|Any CPU.ActiveCfg = Release|Any CPU
		{4D776D03-9131-4CF8-B52E-0D21C8C281AD}.Release|Any CPU.Build.0 = Release|Any CPU
	EndGlobalSection
	GlobalSection(SolutionProperties) = preSolution
		HideSolutionNode = FALSE
	EndGlobalSection
	GlobalSection(ExtensibilityGlobals) = postSolution
		SolutionGuid = {38E8B128-6810-474E-885C-DA40293402FB}
	EndGlobalSection
EndGlobal
